<?xml version="1.0" encoding="UTF-8" standalone="yes" ?>
<CodeBlocks_project_file>
	<FileVersion major="1" minor="6" />
	<Project>
		<Option title="PAXXER" />
		<Option pch_mode="2" />
		<Option compiler="gcc" />
		<Build>
			<Target title="Debug">
				<Option output="bin/Debug/PAXXER" prefix_auto="1" extension_auto="1" />
				<Option object_output="obj/Debug/" />
				<Option type="1" />
				<Option compiler="gcc" />
				<Compiler>
					<Add option="-g" />
				</Compiler>
			</Target>
			<Target title="Release">
				<Option output="bin/Release/PAXXER" prefix_auto="1" extension_auto="1" />
				<Option object_output="obj/Release/" />
				<Option type="1" />
				<Option compiler="gcc" />
				<Compiler>
					<Add option="-O2" />
				</Compiler>
				<Linker>
					<Add option="-s" />
				</Linker>
			</Target>
		</Build>
		<Compiler>
			<Add option="-Wall" />
			<Add option="-fexceptions" />
		</Compiler>
		<Unit filename="controller/ClasesAuxiliares.cpp" />
		<Unit filename="controller/ClasesFactura.cpp" />
		<Unit filename="controller/ClasesFactura.h" />
		<Unit filename="controller/clasesArchivosFacturas.cpp" />
		<Unit filename="controller/clasesArchivosFacturas.h" />
		<Unit filename="controller/clasesArchivosMesas.cpp" />
		<Unit filename="controller/clasesArchivosMesas.h" />
		<Unit filename="controller/clasesArchivosUsuarios.cpp" />
		<Unit filename="controller/clasesArchivosUsuarios.h" />
		<Unit filename="controller/clasesAuxiliares.h" />
		<Unit filename="controller/clasesMesas.cpp" />
		<Unit filename="controller/clasesMesas.h" />
		<Unit filename="controller/clasesUsuarios.cpp" />
		<Unit filename="controller/clasesUsuarios.h" />
		<Unit filename="controller/constantes.h" />
		<Unit filename="controller/funciones.cpp" />
		<Unit filename="controller/funciones.h" />
		<Unit filename="main.cpp" />
		<Unit filename="model/.gitkeep" />
		<Unit filename="model/facturas.dat" />
		<Unit filename="model/id_facturas.dat" />
		<Unit filename="model/mesasLocal.dat" />
		<Unit filename="model/productos.dat" />
		<Unit filename="view/declaracionInformesRecaudaciones.h" />
		<Unit filename="view/declaracionOpcionesConfiguraciones.h" />
		<Unit filename="view/declaracionOpcionesMapaMesas.h" />
		<Unit filename="view/dibujarTitulo.h" />
		<Unit filename="view/dibujarTitulos.cpp" />
		<Unit filename="view/funcionesDibujar.cpp" />
		<Unit filename="view/funcionesDibujar.h" />
		<Unit filename="view/funcionesDibujarTitulos.h" />
		<Unit filename="view/menuPrincipal.cpp" />
		<Unit filename="view/menuPrincipal.h" />
		<Unit filename="view/opcionesMapaMesas.cpp" />
		<Unit filename="view/pantallaCarta.cpp" />
		<Unit filename="view/pantallaConfiguraciones.cpp" />
		<Unit filename="view/pantallaContrasena.cpp" />
		<Unit filename="view/pantallaDelivery.cpp" />
		<Unit filename="view/pantallaDelivery.h" />
		<Unit filename="view/pantallaInformes.cpp" />
		<Unit filename="view/pantallaInformesRecaudaciones.cpp" />
		<Unit filename="view/pantallaMapaMesas.cpp" />
		<Unit filename="view/pantallaopcionesConfiguraciones.cpp" />
		<Unit filename="view/pantallasMenuPrincipal.h" />
		<Unit filename="view/pintarOpcionesMenus.cpp" />
		<Unit filename="view/pruebaVistaPedidosyFactura.cpp" />
		<Extensions>
			<lib_finder disable_auto="1" />
		</Extensions>
	</Project>
</CodeBlocks_project_file>
