<?xml version="1.0" encoding="UTF-8" standalone="yes" ?>
<CodeBlocks_project_file>
	<FileVersion major="1" minor="6" />
	<Project>
		<Option title="PAXXER" />
		<Option pch_mode="2" />
		<Option compiler="gcc" />
		<Build>
			<Target title="Debug">
				<Option output="bin/Debug/PAXXER" prefix_auto="1" extension_auto="1" />
				<Option object_output="obj/Debug/" />
				<Option type="1" />
				<Option compiler="gcc" />
				<Compiler>
					<Add option="-g" />
				</Compiler>
			</Target>
			<Target title="Release">
				<Option output="bin/Release/PAXXER" prefix_auto="1" extension_auto="1" />
				<Option object_output="obj/Release/" />
				<Option type="1" />
				<Option compiler="gcc" />
				<Compiler>
					<Add option="-O2" />
				</Compiler>
				<Linker>
					<Add option="-s" />
				</Linker>
			</Target>
		</Build>
		<Compiler>
			<Add option="-Wall" />
			<Add option="-fexceptions" />
		</Compiler>
		<Unit filename="controller/clases.cpp" />
		<Unit filename="controller/clases.h" />
		<Unit filename="controller/clasesArchivos.cpp" />
		<Unit filename="controller/clasesArchivos.h" />
		<Unit filename="controller/constantes.h" />
		<Unit filename="controller/funciones.cpp" />
		<Unit filename="controller/funciones.h" />
		<Unit filename="controller/generadorIDs.cpp" />
		<Unit filename="controller/generadorIDs.h" />
		<Unit filename="main.cpp" />
		<Unit filename="model/facturas.dat" />
		<Unit filename="model/id_facturas.dat" />
		<Unit filename="model/id_productos.dat" />
		<Unit filename="model/mesasLocal.dat" />
		<Unit filename="model/productos.dat" />
		<Extensions>
			<lib_finder disable_auto="1" />
		</Extensions>
	</Project>
</CodeBlocks_project_file>
